
Microsoft Visual Studio Solution File, Format Version 12.00
# Visual Studio Version 16
VisualStudioVersion = 16.0.29306.81
MinimumVisualStudioVersion = 10.0.40219.1
Project("{FAE04EC0-301F-11D3-BF4B-00C04F79EFBC}") = "IoT.WCD.BlockChain.Entities", "IoT.WCD.BlockChain.Entities\IoT.WCD.BlockChain.Entities.csproj", "{AF9D679C-DA6F-4D12-A72E-82D3B668C2E8}"
EndProject
Project("{FAE04EC0-301F-11D3-BF4B-00C04F79EFBC}") = "IoT.WCD.BlockChain.Entry", "IoT.WCD.BlockChain.Entry\IoT.WCD.BlockChain.Entry.csproj", "{EDA4DD8E-EF3B-43E4-BA5A-AC04EBBE501A}"
EndProject
Project("{FAE04EC0-301F-11D3-BF4B-00C04F79EFBC}") = "IoT.WCD.BlockChain.Test", "IoT.WCD.BlockChain.Test\IoT.WCD.BlockChain.Test.csproj", "{F5DAAD7D-FDFD-4864-8976-7612F685A3A5}"
EndProject
Global
	GlobalSection(SolutionConfigurationPlatforms) = preSolution
		Debug|Any CPU = Debug|Any CPU
		Release|Any CPU = Release|Any CPU
	EndGlobalSection
	GlobalSection(ProjectConfigurationPlatforms) = postSolution
		{AF9D679C-DA6F-4D12-A72E-82D3B668C2E8}.Debug|Any CPU.ActiveCfg = Debug|Any CPU
		{AF9D679C-DA6F-4D12-A72E-82D3B668C2E8}.Debug|Any CPU.Build.0 = Debug|Any CPU
		{AF9D679C-DA6F-4D12-A72E-82D3B668C2E8}.Release|Any CPU.ActiveCfg = Release|Any CPU
		{AF9D679C-DA6F-4D12-A72E-82D3B668C2E8}.Release|Any CPU.Build.0 = Release|Any CPU
		{EDA4DD8E-EF3B-43E4-BA5A-AC04EBBE501A}.Debug|Any CPU.ActiveCfg = Debug|Any CPU
		{EDA4DD8E-EF3B-43E4-BA5A-AC04EBBE501A}.Debug|Any CPU.Build.0 = Debug|Any CPU
		{EDA4DD8E-EF3B-43E4-BA5A-AC04EBBE501A}.Release|Any CPU.ActiveCfg = Release|Any CPU
		{EDA4DD8E-EF3B-43E4-BA5A-AC04EBBE501A}.Release|Any CPU.Build.0 = Release|Any CPU
		{F5DAAD7D-FDFD-4864-8976-7612F685A3A5}.Debug|Any CPU.ActiveCfg = Debug|Any CPU
		{F5DAAD7D-FDFD-4864-8976-7612F685A3A5}.Debug|Any CPU.Build.0 = Debug|Any CPU
		{F5DAAD7D-FDFD-4864-8976-7612F685A3A5}.Release|Any CPU.ActiveCfg = Release|Any CPU
		{F5DAAD7D-FDFD-4864-8976-7612F685A3A5}.Release|Any CPU.Build.0 = Release|Any CPU
	EndGlobalSection
	GlobalSection(SolutionProperties) = preSolution
		HideSolutionNode = FALSE
	EndGlobalSection
	GlobalSection(ExtensibilityGlobals) = postSolution
		SolutionGuid = {A1746BA6-C629-4DCC-8F15-82AC9160E339}
	EndGlobalSection
EndGlobal
