
Microsoft Visual Studio Solution File, Format Version 12.00
# Visual Studio Version 16
VisualStudioVersion = 16.0.29306.81
MinimumVisualStudioVersion = 10.0.40219.1
Project("{FAE04EC0-301F-11D3-BF4B-00C04F79EFBC}") = "IoT.WCD.BlockChain.Entry", "IoT.WCD.BlockChain.Entry\IoT.WCD.BlockChain.Entry.csproj", "{EDA4DD8E-EF3B-43E4-BA5A-AC04EBBE501A}"
EndProject
Project("{FAE04EC0-301F-11D3-BF4B-00C04F79EFBC}") = "IoT.WCD.BlockChain.Test", "IoT.WCD.BlockChain.Test\IoT.WCD.BlockChain.Test.csproj", "{F5DAAD7D-FDFD-4864-8976-7612F685A3A5}"
EndProject
Project("{FAE04EC0-301F-11D3-BF4B-00C04F79EFBC}") = "IoT.WCD.BlockChain.Application.Interfaces", "IoT.WCD.BlockChain.Application.Interfaces\IoT.WCD.BlockChain.Application.Interfaces.csproj", "{B8ADD744-A84A-4662-9FF9-987032EB06C3}"
EndProject
Project("{FAE04EC0-301F-11D3-BF4B-00C04F79EFBC}") = "IoT.WCD.BlockChain.Application.Services", "IoT.WCD.BlockChain.Application.Services\IoT.WCD.BlockChain.Application.Services.csproj", "{0AB0792D-6A18-40B1-8571-2120BFED0653}"
EndProject
Project("{FAE04EC0-301F-11D3-BF4B-00C04F79EFBC}") = "IoT.WCD.BlockChain.Domain", "IoT.WCD.BlockChain.Domain\IoT.WCD.BlockChain.Domain.csproj", "{49F8EFEC-84FB-484D-AE32-662B477D3638}"
EndProject
Project("{FAE04EC0-301F-11D3-BF4B-00C04F79EFBC}") = "IoT.WCD.BlockChain.Infrastructure", "IoT.WCD.BlockChain.Infrastructure\IoT.WCD.BlockChain.Infrastructure.csproj", "{B99FEAA5-60A6-4F66-B75D-474F64E4A20D}"
EndProject
Project("{FAE04EC0-301F-11D3-BF4B-00C04F79EFBC}") = "IoT.WCD.BlockChain.Infrastructure.Interfaces", "IoT.WCD.BlockChain.Infrastructure.Interfaces\IoT.WCD.BlockChain.Infrastructure.Interfaces.csproj", "{10C1C8EE-4399-4CFC-876A-A152B7F3F340}"
EndProject
Project("{FAE04EC0-301F-11D3-BF4B-00C04F79EFBC}") = "IoT.WCD.BlockChain.Infrastructure.IoC.Contracts", "IoT.WCD.BlockChain.Infrastructure.IoC.Contracts\IoT.WCD.BlockChain.Infrastructure.IoC.Contracts.csproj", "{64EA9BB9-FACE-4FE6-A46A-E50E722299E5}"
EndProject
Project("{FAE04EC0-301F-11D3-BF4B-00C04F79EFBC}") = "IoT.WCD.BlockChain.Test.Application", "IoT.WCD.BlockChain.Test.Application\IoT.WCD.BlockChain.Test.Application.csproj", "{26350A83-1751-4FEB-8F6C-2F37D412B2E5}"
EndProject
Project("{FAE04EC0-301F-11D3-BF4B-00C04F79EFBC}") = "IoT.WCD.BlockChain.Test.Domain", "IoT.WCD.BlockChain.Test.Domain\IoT.WCD.BlockChain.Test.Domain.csproj", "{22E797E4-DC62-431B-96BA-635EE0443E74}"
EndProject
Project("{FAE04EC0-301F-11D3-BF4B-00C04F79EFBC}") = "IoT.WCD.BlockChain.Test.Repository", "IoT.WCD.BlockChain.Test.Repository\IoT.WCD.BlockChain.Test.Repository.csproj", "{168F855D-7BDF-4D7F-AEA1-973A004F11EA}"
EndProject
Project("{FAE04EC0-301F-11D3-BF4B-00C04F79EFBC}") = "IoT.WCD.BlockChain.Presentation", "IoT.WCD.BlockChain.Presentation\IoT.WCD.BlockChain.Presentation.csproj", "{A194EF91-AD8B-43A7-9D1B-227C1D9D8DB9}"
EndProject
Project("{FAE04EC0-301F-11D3-BF4B-00C04F79EFBC}") = "IoT.WCD.BlockChain.BootStrapper", "IoT.WCD.BlockChain.BootStrapper\IoT.WCD.BlockChain.BootStrapper.csproj", "{C10788CA-56B4-42AF-A821-6AE2CC266CE8}"
EndProject
Project("{FAE04EC0-301F-11D3-BF4B-00C04F79EFBC}") = "IoT.WCD.BlockChain.Messaging", "IoT.WCD.BlockChain.Messaging\IoT.WCD.BlockChain.Messaging.csproj", "{6A701192-C82C-440D-B1E4-BB7EC60427D8}"
EndProject
Project("{FAE04EC0-301F-11D3-BF4B-00C04F79EFBC}") = "IoT.WCD.BlockChain.Application.Commands", "IoT.WCD.BlockChain.Application.Commands\IoT.WCD.BlockChain.Application.Commands.csproj", "{0326144C-A895-4D81-B405-1954C1C4F5B1}"
EndProject
Project("{FAE04EC0-301F-11D3-BF4B-00C04F79EFBC}") = "IoT.WCD.BlockChain.Application.CommandHandlers", "IoT.WCD.BlockChain.Application.CommandHandlers\IoT.WCD.BlockChain.Application.CommandHandlers.csproj", "{B9F2D3CC-C28A-4ED4-BBFA-DA0CEC8926D7}"
EndProject
Project("{FAE04EC0-301F-11D3-BF4B-00C04F79EFBC}") = "IoT.WCD.BlockChain.ValueObjects", "IoT.WCD.BlockChain.ValueObjects\IoT.WCD.BlockChain.ValueObjects.csproj", "{BEC264AA-4586-4C6A-9C00-BD2CBDECD99D}"
EndProject
Global
	GlobalSection(SolutionConfigurationPlatforms) = preSolution
		Debug|Any CPU = Debug|Any CPU
		Release|Any CPU = Release|Any CPU
	EndGlobalSection
	GlobalSection(ProjectConfigurationPlatforms) = postSolution
		{EDA4DD8E-EF3B-43E4-BA5A-AC04EBBE501A}.Debug|Any CPU.ActiveCfg = Debug|Any CPU
		{EDA4DD8E-EF3B-43E4-BA5A-AC04EBBE501A}.Debug|Any CPU.Build.0 = Debug|Any CPU
		{EDA4DD8E-EF3B-43E4-BA5A-AC04EBBE501A}.Release|Any CPU.ActiveCfg = Release|Any CPU
		{EDA4DD8E-EF3B-43E4-BA5A-AC04EBBE501A}.Release|Any CPU.Build.0 = Release|Any CPU
		{F5DAAD7D-FDFD-4864-8976-7612F685A3A5}.Debug|Any CPU.ActiveCfg = Debug|Any CPU
		{F5DAAD7D-FDFD-4864-8976-7612F685A3A5}.Debug|Any CPU.Build.0 = Debug|Any CPU
		{F5DAAD7D-FDFD-4864-8976-7612F685A3A5}.Release|Any CPU.ActiveCfg = Release|Any CPU
		{F5DAAD7D-FDFD-4864-8976-7612F685A3A5}.Release|Any CPU.Build.0 = Release|Any CPU
		{B8ADD744-A84A-4662-9FF9-987032EB06C3}.Debug|Any CPU.ActiveCfg = Debug|Any CPU
		{B8ADD744-A84A-4662-9FF9-987032EB06C3}.Debug|Any CPU.Build.0 = Debug|Any CPU
		{B8ADD744-A84A-4662-9FF9-987032EB06C3}.Release|Any CPU.ActiveCfg = Release|Any CPU
		{B8ADD744-A84A-4662-9FF9-987032EB06C3}.Release|Any CPU.Build.0 = Release|Any CPU
		{0AB0792D-6A18-40B1-8571-2120BFED0653}.Debug|Any CPU.ActiveCfg = Debug|Any CPU
		{0AB0792D-6A18-40B1-8571-2120BFED0653}.Debug|Any CPU.Build.0 = Debug|Any CPU
		{0AB0792D-6A18-40B1-8571-2120BFED0653}.Release|Any CPU.ActiveCfg = Release|Any CPU
		{0AB0792D-6A18-40B1-8571-2120BFED0653}.Release|Any CPU.Build.0 = Release|Any CPU
		{49F8EFEC-84FB-484D-AE32-662B477D3638}.Debug|Any CPU.ActiveCfg = Debug|Any CPU
		{49F8EFEC-84FB-484D-AE32-662B477D3638}.Debug|Any CPU.Build.0 = Debug|Any CPU
		{49F8EFEC-84FB-484D-AE32-662B477D3638}.Release|Any CPU.ActiveCfg = Release|Any CPU
		{49F8EFEC-84FB-484D-AE32-662B477D3638}.Release|Any CPU.Build.0 = Release|Any CPU
		{B99FEAA5-60A6-4F66-B75D-474F64E4A20D}.Debug|Any CPU.ActiveCfg = Debug|Any CPU
		{B99FEAA5-60A6-4F66-B75D-474F64E4A20D}.Debug|Any CPU.Build.0 = Debug|Any CPU
		{B99FEAA5-60A6-4F66-B75D-474F64E4A20D}.Release|Any CPU.ActiveCfg = Release|Any CPU
		{B99FEAA5-60A6-4F66-B75D-474F64E4A20D}.Release|Any CPU.Build.0 = Release|Any CPU
		{10C1C8EE-4399-4CFC-876A-A152B7F3F340}.Debug|Any CPU.ActiveCfg = Debug|Any CPU
		{10C1C8EE-4399-4CFC-876A-A152B7F3F340}.Debug|Any CPU.Build.0 = Debug|Any CPU
		{10C1C8EE-4399-4CFC-876A-A152B7F3F340}.Release|Any CPU.ActiveCfg = Release|Any CPU
		{10C1C8EE-4399-4CFC-876A-A152B7F3F340}.Release|Any CPU.Build.0 = Release|Any CPU
		{64EA9BB9-FACE-4FE6-A46A-E50E722299E5}.Debug|Any CPU.ActiveCfg = Debug|Any CPU
		{64EA9BB9-FACE-4FE6-A46A-E50E722299E5}.Debug|Any CPU.Build.0 = Debug|Any CPU
		{64EA9BB9-FACE-4FE6-A46A-E50E722299E5}.Release|Any CPU.ActiveCfg = Release|Any CPU
		{64EA9BB9-FACE-4FE6-A46A-E50E722299E5}.Release|Any CPU.Build.0 = Release|Any CPU
		{26350A83-1751-4FEB-8F6C-2F37D412B2E5}.Debug|Any CPU.ActiveCfg = Debug|Any CPU
		{26350A83-1751-4FEB-8F6C-2F37D412B2E5}.Debug|Any CPU.Build.0 = Debug|Any CPU
		{26350A83-1751-4FEB-8F6C-2F37D412B2E5}.Release|Any CPU.ActiveCfg = Release|Any CPU
		{26350A83-1751-4FEB-8F6C-2F37D412B2E5}.Release|Any CPU.Build.0 = Release|Any CPU
		{22E797E4-DC62-431B-96BA-635EE0443E74}.Debug|Any CPU.ActiveCfg = Debug|Any CPU
		{22E797E4-DC62-431B-96BA-635EE0443E74}.Debug|Any CPU.Build.0 = Debug|Any CPU
		{22E797E4-DC62-431B-96BA-635EE0443E74}.Release|Any CPU.ActiveCfg = Release|Any CPU
		{22E797E4-DC62-431B-96BA-635EE0443E74}.Release|Any CPU.Build.0 = Release|Any CPU
		{168F855D-7BDF-4D7F-AEA1-973A004F11EA}.Debug|Any CPU.ActiveCfg = Debug|Any CPU
		{168F855D-7BDF-4D7F-AEA1-973A004F11EA}.Debug|Any CPU.Build.0 = Debug|Any CPU
		{168F855D-7BDF-4D7F-AEA1-973A004F11EA}.Release|Any CPU.ActiveCfg = Release|Any CPU
		{168F855D-7BDF-4D7F-AEA1-973A004F11EA}.Release|Any CPU.Build.0 = Release|Any CPU
		{A194EF91-AD8B-43A7-9D1B-227C1D9D8DB9}.Debug|Any CPU.ActiveCfg = Debug|Any CPU
		{A194EF91-AD8B-43A7-9D1B-227C1D9D8DB9}.Debug|Any CPU.Build.0 = Debug|Any CPU
		{A194EF91-AD8B-43A7-9D1B-227C1D9D8DB9}.Release|Any CPU.ActiveCfg = Release|Any CPU
		{A194EF91-AD8B-43A7-9D1B-227C1D9D8DB9}.Release|Any CPU.Build.0 = Release|Any CPU
		{C10788CA-56B4-42AF-A821-6AE2CC266CE8}.Debug|Any CPU.ActiveCfg = Debug|Any CPU
		{C10788CA-56B4-42AF-A821-6AE2CC266CE8}.Debug|Any CPU.Build.0 = Debug|Any CPU
		{C10788CA-56B4-42AF-A821-6AE2CC266CE8}.Release|Any CPU.ActiveCfg = Release|Any CPU
		{C10788CA-56B4-42AF-A821-6AE2CC266CE8}.Release|Any CPU.Build.0 = Release|Any CPU
		{6A701192-C82C-440D-B1E4-BB7EC60427D8}.Debug|Any CPU.ActiveCfg = Debug|Any CPU
		{6A701192-C82C-440D-B1E4-BB7EC60427D8}.Debug|Any CPU.Build.0 = Debug|Any CPU
		{6A701192-C82C-440D-B1E4-BB7EC60427D8}.Release|Any CPU.ActiveCfg = Release|Any CPU
		{6A701192-C82C-440D-B1E4-BB7EC60427D8}.Release|Any CPU.Build.0 = Release|Any CPU
		{0326144C-A895-4D81-B405-1954C1C4F5B1}.Debug|Any CPU.ActiveCfg = Debug|Any CPU
		{0326144C-A895-4D81-B405-1954C1C4F5B1}.Debug|Any CPU.Build.0 = Debug|Any CPU
		{0326144C-A895-4D81-B405-1954C1C4F5B1}.Release|Any CPU.ActiveCfg = Release|Any CPU
		{0326144C-A895-4D81-B405-1954C1C4F5B1}.Release|Any CPU.Build.0 = Release|Any CPU
		{B9F2D3CC-C28A-4ED4-BBFA-DA0CEC8926D7}.Debug|Any CPU.ActiveCfg = Debug|Any CPU
		{B9F2D3CC-C28A-4ED4-BBFA-DA0CEC8926D7}.Debug|Any CPU.Build.0 = Debug|Any CPU
		{B9F2D3CC-C28A-4ED4-BBFA-DA0CEC8926D7}.Release|Any CPU.ActiveCfg = Release|Any CPU
		{B9F2D3CC-C28A-4ED4-BBFA-DA0CEC8926D7}.Release|Any CPU.Build.0 = Release|Any CPU
		{BEC264AA-4586-4C6A-9C00-BD2CBDECD99D}.Debug|Any CPU.ActiveCfg = Debug|Any CPU
		{BEC264AA-4586-4C6A-9C00-BD2CBDECD99D}.Debug|Any CPU.Build.0 = Debug|Any CPU
		{BEC264AA-4586-4C6A-9C00-BD2CBDECD99D}.Release|Any CPU.ActiveCfg = Release|Any CPU
		{BEC264AA-4586-4C6A-9C00-BD2CBDECD99D}.Release|Any CPU.Build.0 = Release|Any CPU
	EndGlobalSection
	GlobalSection(SolutionProperties) = preSolution
		HideSolutionNode = FALSE
	EndGlobalSection
	GlobalSection(ExtensibilityGlobals) = postSolution
		SolutionGuid = {A1746BA6-C629-4DCC-8F15-82AC9160E339}
	EndGlobalSection
EndGlobal
